<?xml version="1.0" encoding="utf-8"?>
<Project ToolsVersion="4.0" xmlns="http://schemas.microsoft.com/developer/msbuild/2003">
  <ItemGroup>
    <ClCompile Include="main.cpp" />
    <ClCompile Include="button.cpp">
      <Filter>Systems</Filter>
    </ClCompile>
    <ClCompile Include="bear.cpp">
      <Filter>Creatures</Filter>
    </ClCompile>
    <ClCompile Include="deer.cpp">
      <Filter>Creatures</Filter>
    </ClCompile>
    <ClCompile Include="deerchant.cpp">
      <Filter>Creatures</Filter>
    </ClCompile>
    <ClCompile Include="hare.cpp">
      <Filter>Creatures</Filter>
    </ClCompile>
    <ClCompile Include="monster.cpp">
      <Filter>Creatures</Filter>
    </ClCompile>
    <ClCompile Include="neutral_mob.cpp">
      <Filter>Creatures</Filter>
    </ClCompile>
    <ClCompile Include="nightmare_first.cpp">
      <Filter>Creatures</Filter>
    </ClCompile>
    <ClCompile Include="nightmare_second.cpp">
      <Filter>Creatures</Filter>
    </ClCompile>
    <ClCompile Include="nightmare_third.cpp">
      <Filter>Creatures</Filter>
    </ClCompile>
    <ClCompile Include="owl.cpp">
      <Filter>Creatures</Filter>
    </ClCompile>
    <ClCompile Include="owl_boss.cpp">
      <Filter>Creatures</Filter>
    </ClCompile>
    <ClCompile Include="wolf.cpp">
      <Filter>Creatures</Filter>
    </ClCompile>
    <ClCompile Include="clap_whirl.cpp">
      <Filter>DynamicObjects</Filter>
    </ClCompile>
    <ClCompile Include="noose.cpp">
      <Filter>DynamicObjects</Filter>
    </ClCompile>
    <ClCompile Include="grass.cpp">
      <Filter>Ground</Filter>
    </ClCompile>
    <ClCompile Include="ground.cpp">
      <Filter>Ground</Filter>
    </ClCompile>
    <ClCompile Include="ground_connection.cpp">
      <Filter>Ground</Filter>
    </ClCompile>
    <ClCompile Include="mushroom.cpp">
      <Filter>Ground</Filter>
    </ClCompile>
    <ClCompile Include="hero_book.cpp">
      <Filter>HeroBook</Filter>
    </ClCompile>
    <ClCompile Include="hero_book_page.cpp">
      <Filter>HeroBook</Filter>
    </ClCompile>
    <ClCompile Include="wreath_draft.cpp">
      <Filter>HeroBook</Filter>
    </ClCompile>
    <ClCompile Include="drawable_chain_element.cpp">
      <Filter>Systems\DrawSystem</Filter>
    </ClCompile>
    <ClCompile Include="draw_system.cpp">
      <Filter>Systems\DrawSystem</Filter>
    </ClCompile>
    <ClCompile Include="sprite_chain_element.cpp">
      <Filter>Systems\DrawSystem</Filter>
    </ClCompile>
    <ClCompile Include="sprite_pack.cpp">
      <Filter>Systems\DrawSystem</Filter>
    </ClCompile>
    <ClCompile Include="text_chain_element.cpp">
      <Filter>Systems\DrawSystem</Filter>
    </ClCompile>
    <ClCompile Include="build_system.cpp">
      <Filter>Systems</Filter>
    </ClCompile>
    <ClCompile Include="camera_system.cpp">
      <Filter>Systems</Filter>
    </ClCompile>
    <ClCompile Include="console.cpp">
      <Filter>Systems</Filter>
    </ClCompile>
    <ClCompile Include="direction_system.cpp">
      <Filter>Systems</Filter>
    </ClCompile>
    <ClCompile Include="effects_system.cpp">
      <Filter>Systems</Filter>
    </ClCompile>
    <ClCompile Include="hero_bag.cpp">
      <Filter>Systems</Filter>
    </ClCompile>
    <ClCompile Include="input_box.cpp">
      <Filter>Systems</Filter>
    </ClCompile>
    <ClCompile Include="inventory_system.cpp">
      <Filter>Systems</Filter>
    </ClCompile>
    <ClCompile Include="menu_system.cpp">
      <Filter>Systems</Filter>
    </ClCompile>
    <ClCompile Include="move_system.cpp">
      <Filter>Systems</Filter>
    </ClCompile>
    <ClCompile Include="object_initializer.cpp">
      <Filter>Systems</Filter>
    </ClCompile>
    <ClCompile Include="pedestal_controller.cpp">
      <Filter>Systems</Filter>
    </ClCompile>
    <ClCompile Include="text_system.cpp">
      <Filter>Systems</Filter>
    </ClCompile>
    <ClCompile Include="time_system.cpp">
      <Filter>Systems</Filter>
    </ClCompile>
    <ClCompile Include="brazier.cpp">
      <Filter>Terrain</Filter>
    </ClCompile>
    <ClCompile Include="bush.cpp">
      <Filter>Terrain</Filter>
    </ClCompile>
    <ClCompile Include="chamomile.cpp">
      <Filter>Terrain</Filter>
    </ClCompile>
    <ClCompile Include="dropped_loot.cpp">
      <Filter>Terrain</Filter>
    </ClCompile>
    <ClCompile Include="fence.cpp">
      <Filter>Terrain</Filter>
    </ClCompile>
    <ClCompile Include="fern.cpp">
      <Filter>Terrain</Filter>
    </ClCompile>
    <ClCompile Include="forest_tree.cpp">
      <Filter>Terrain</Filter>
    </ClCompile>
    <ClCompile Include="hare_trap.cpp">
      <Filter>Terrain</Filter>
    </ClCompile>
    <ClCompile Include="lake.cpp">
      <Filter>Terrain</Filter>
    </ClCompile>
    <ClCompile Include="log.cpp">
      <Filter>Terrain</Filter>
    </ClCompile>
    <ClCompile Include="mugwort.cpp">
      <Filter>Terrain</Filter>
    </ClCompile>
    <ClCompile Include="rock.cpp">
      <Filter>Terrain</Filter>
    </ClCompile>
    <ClCompile Include="roof.cpp">
      <Filter>Terrain</Filter>
    </ClCompile>
    <ClCompile Include="root.cpp">
      <Filter>Terrain</Filter>
    </ClCompile>
    <ClCompile Include="spawn.cpp">
      <Filter>Terrain</Filter>
    </ClCompile>
    <ClCompile Include="stump.cpp">
      <Filter>Terrain</Filter>
    </ClCompile>
    <ClCompile Include="totem.cpp">
      <Filter>Terrain</Filter>
    </ClCompile>
    <ClCompile Include="wreath_table.cpp">
      <Filter>Terrain</Filter>
    </ClCompile>
    <ClCompile Include="yarrow.cpp">
      <Filter>Terrain</Filter>
    </ClCompile>
    <ClCompile Include="dynamic_object.cpp">
      <Filter>World</Filter>
    </ClCompile>
    <ClCompile Include="empty_object.cpp">
      <Filter>World</Filter>
    </ClCompile>
    <ClCompile Include="picked_object.cpp">
      <Filter>World</Filter>
    </ClCompile>
    <ClCompile Include="static_object.cpp">
      <Filter>World</Filter>
    </ClCompile>
    <ClCompile Include="terrain_object.cpp">
      <Filter>World</Filter>
    </ClCompile>
    <ClCompile Include="world_generator.cpp">
      <Filter>World</Filter>
    </ClCompile>
    <ClCompile Include="world_handler.cpp">
      <Filter>World</Filter>
    </ClCompile>
    <ClCompile Include="world_object.cpp">
      <Filter>World</Filter>
    </ClCompile>
    <ClCompile Include="event_handler.cpp" />
    <ClCompile Include="grid_list.cpp" />
    <ClCompile Include="helper.cpp" />
    <ClCompile Include="light_system.cpp" />
    <ClCompile Include="shader_system.cpp">
      <Filter>Systems</Filter>
    </ClCompile>
    <ClCompile Include="visual_effects\field_of_view.cpp">
      <Filter>visual_effects</Filter>
    </ClCompile>
    <ClCompile Include="visual_effects\ambient_light.cpp">
      <Filter>visual_effects</Filter>
    </ClCompile>
  </ItemGroup>
  <ItemGroup>
    <ClInclude Include="Tags.h">
      <Filter>World</Filter>
    </ClInclude>
    <ClInclude Include="button.h">
      <Filter>Systems</Filter>
    </ClInclude>
    <ClInclude Include="bear.h">
      <Filter>Creatures</Filter>
    </ClInclude>
    <ClInclude Include="deer.h">
      <Filter>Creatures</Filter>
    </ClInclude>
    <ClInclude Include="deerchant.h">
      <Filter>Creatures</Filter>
    </ClInclude>
    <ClInclude Include="hare.h">
      <Filter>Creatures</Filter>
    </ClInclude>
    <ClInclude Include="monster.h">
      <Filter>Creatures</Filter>
    </ClInclude>
    <ClInclude Include="neutral_mob.h">
      <Filter>Creatures</Filter>
    </ClInclude>
    <ClInclude Include="nightmare_first.h">
      <Filter>Creatures</Filter>
    </ClInclude>
    <ClInclude Include="nightmare_second.h">
      <Filter>Creatures</Filter>
    </ClInclude>
    <ClInclude Include="nightmare_third.h">
      <Filter>Creatures</Filter>
    </ClInclude>
    <ClInclude Include="owl.h">
      <Filter>Creatures</Filter>
    </ClInclude>
    <ClInclude Include="owl_boss.h">
      <Filter>Creatures</Filter>
    </ClInclude>
    <ClInclude Include="wolf.h">
      <Filter>Creatures</Filter>
    </ClInclude>
    <ClInclude Include="clap_whirl.h">
      <Filter>DynamicObjects</Filter>
    </ClInclude>
    <ClInclude Include="noose.h">
      <Filter>DynamicObjects</Filter>
    </ClInclude>
    <ClInclude Include="grass.h">
      <Filter>Ground</Filter>
    </ClInclude>
    <ClInclude Include="ground.h">
      <Filter>Ground</Filter>
    </ClInclude>
    <ClInclude Include="ground_connection.h">
      <Filter>Ground</Filter>
    </ClInclude>
    <ClInclude Include="mushroom.h">
      <Filter>Ground</Filter>
    </ClInclude>
    <ClInclude Include="hero_book.h">
      <Filter>HeroBook</Filter>
    </ClInclude>
    <ClInclude Include="hero_book_page.h">
      <Filter>HeroBook</Filter>
    </ClInclude>
    <ClInclude Include="wreath_draft.h">
      <Filter>HeroBook</Filter>
    </ClInclude>
    <ClInclude Include="drawable_chain_element.h">
      <Filter>Systems\DrawSystem</Filter>
    </ClInclude>
    <ClInclude Include="draw_system.h">
      <Filter>Systems\DrawSystem</Filter>
    </ClInclude>
    <ClInclude Include="sprite_chain_element.h">
      <Filter>Systems\DrawSystem</Filter>
    </ClInclude>
    <ClInclude Include="sprite_pack.h">
      <Filter>Systems\DrawSystem</Filter>
    </ClInclude>
    <ClInclude Include="text_chain_element.h">
      <Filter>Systems\DrawSystem</Filter>
    </ClInclude>
    <ClInclude Include="build_system.h">
      <Filter>Systems</Filter>
    </ClInclude>
    <ClInclude Include="camera_system.h">
      <Filter>Systems</Filter>
    </ClInclude>
    <ClInclude Include="console.h">
      <Filter>Systems</Filter>
    </ClInclude>
    <ClInclude Include="direction_system.h">
      <Filter>Systems</Filter>
    </ClInclude>
    <ClInclude Include="effects_system.h">
      <Filter>Systems</Filter>
    </ClInclude>
    <ClInclude Include="hero_bag.h">
      <Filter>Systems</Filter>
    </ClInclude>
    <ClInclude Include="input_box.h">
      <Filter>Systems</Filter>
    </ClInclude>
    <ClInclude Include="inventory_system.h">
      <Filter>Systems</Filter>
    </ClInclude>
    <ClInclude Include="menu_system.h">
      <Filter>Systems</Filter>
    </ClInclude>
    <ClInclude Include="move_system.h">
      <Filter>Systems</Filter>
    </ClInclude>
    <ClInclude Include="object_initializer.h">
      <Filter>Systems</Filter>
    </ClInclude>
    <ClInclude Include="pedestal_controller.h">
      <Filter>Systems</Filter>
    </ClInclude>
    <ClInclude Include="text_system.h">
      <Filter>Systems</Filter>
    </ClInclude>
    <ClInclude Include="time_system.h">
      <Filter>Systems</Filter>
    </ClInclude>
    <ClInclude Include="brazier.h">
      <Filter>Terrain</Filter>
    </ClInclude>
    <ClInclude Include="bush.h">
      <Filter>Terrain</Filter>
    </ClInclude>
    <ClInclude Include="chamomile.h">
      <Filter>Terrain</Filter>
    </ClInclude>
    <ClInclude Include="dropped_loot.h">
      <Filter>Terrain</Filter>
    </ClInclude>
    <ClInclude Include="fence.h">
      <Filter>Terrain</Filter>
    </ClInclude>
    <ClInclude Include="fern.h">
      <Filter>Terrain</Filter>
    </ClInclude>
    <ClInclude Include="forest_tree.h">
      <Filter>Terrain</Filter>
    </ClInclude>
    <ClInclude Include="hare_trap.h">
      <Filter>Terrain</Filter>
    </ClInclude>
    <ClInclude Include="lake.h">
      <Filter>Terrain</Filter>
    </ClInclude>
    <ClInclude Include="log.h">
      <Filter>Terrain</Filter>
    </ClInclude>
    <ClInclude Include="mugwort.h">
      <Filter>Terrain</Filter>
    </ClInclude>
    <ClInclude Include="rock.h">
      <Filter>Terrain</Filter>
    </ClInclude>
    <ClInclude Include="roof.h">
      <Filter>Terrain</Filter>
    </ClInclude>
    <ClInclude Include="root.h">
      <Filter>Terrain</Filter>
    </ClInclude>
    <ClInclude Include="spawn.h">
      <Filter>Terrain</Filter>
    </ClInclude>
    <ClInclude Include="stump.h">
      <Filter>Terrain</Filter>
    </ClInclude>
    <ClInclude Include="totem.h">
      <Filter>Terrain</Filter>
    </ClInclude>
    <ClInclude Include="wreath_table.h">
      <Filter>Terrain</Filter>
    </ClInclude>
    <ClInclude Include="yarrow.h">
      <Filter>Terrain</Filter>
    </ClInclude>
    <ClInclude Include="dynamic_object.h">
      <Filter>World</Filter>
    </ClInclude>
    <ClInclude Include="empty_object.h">
      <Filter>World</Filter>
    </ClInclude>
    <ClInclude Include="picked_object.h">
      <Filter>World</Filter>
    </ClInclude>
    <ClInclude Include="static_object.h">
      <Filter>World</Filter>
    </ClInclude>
    <ClInclude Include="terrain_object.h">
      <Filter>World</Filter>
    </ClInclude>
    <ClInclude Include="world_generator.h">
      <Filter>World</Filter>
    </ClInclude>
    <ClInclude Include="world_handler.h">
      <Filter>World</Filter>
    </ClInclude>
    <ClInclude Include="world_object.h">
      <Filter>World</Filter>
    </ClInclude>
    <ClInclude Include="event_handler.h" />
    <ClInclude Include="grid_list.h" />
    <ClInclude Include="helper.h" />
    <ClInclude Include="light_system.h" />
    <ClInclude Include="sprite_structures.h" />
    <ClInclude Include="structs.h" />
    <ClInclude Include="shader_system.h">
      <Filter>Systems</Filter>
    </ClInclude>
    <ClInclude Include="visual_effects\field_of_view.hpp">
      <Filter>visual_effects</Filter>
    </ClInclude>
    <ClInclude Include="visual_effects\ambient_light.hpp">
      <Filter>visual_effects</Filter>
    </ClInclude>
    <ClInclude Include="visual_effects\visual_effect.hpp">
      <Filter>visual_effects</Filter>
    </ClInclude>
    <ClInclude Include="math_constants.h" />
  </ItemGroup>
  <ItemGroup>
    <Filter Include="Terrain">
      <UniqueIdentifier>{0a95676e-8a6d-4d8f-88a7-b5072218a18e}</UniqueIdentifier>
    </Filter>
    <Filter Include="Creatures">
      <UniqueIdentifier>{ed4b870f-155e-4632-8362-5f05f03c18ab}</UniqueIdentifier>
    </Filter>
    <Filter Include="Ground">
      <UniqueIdentifier>{a1bcb01a-242c-4aa6-8715-2f1282b507c5}</UniqueIdentifier>
    </Filter>
    <Filter Include="HeroBook">
      <UniqueIdentifier>{d8cc7afb-4b70-412c-9813-73ad35d11e13}</UniqueIdentifier>
    </Filter>
    <Filter Include="DynamicObjects">
      <UniqueIdentifier>{32724799-c352-4ce0-b0d1-8aa537ceb40f}</UniqueIdentifier>
    </Filter>
    <Filter Include="World">
      <UniqueIdentifier>{46674957-3cb2-43f1-a993-abf764803eae}</UniqueIdentifier>
    </Filter>
    <Filter Include="Systems">
      <UniqueIdentifier>{c6d0f57c-5b1e-44be-9b32-415010cac4ed}</UniqueIdentifier>
    </Filter>
    <Filter Include="Systems\DrawSystem">
      <UniqueIdentifier>{969d9f18-507a-4244-b5eb-e0aa540d6e67}</UniqueIdentifier>
    </Filter>
    <Filter Include="visual_effects">
      <UniqueIdentifier>{3c325feb-d21d-4623-8836-f7951dc989ca}</UniqueIdentifier>
    </Filter>
  </ItemGroup>
  <ItemGroup>
    <None Include="packages.config" />
  </ItemGroup>
</Project>