<?xml version="1.0" encoding="utf-8"?>
<Project ToolsVersion="4.0" xmlns="http://schemas.microsoft.com/developer/msbuild/2003">
  <ItemGroup>
    <ClCompile Include="EventHandler.cpp" />
    <ClCompile Include="Helper.cpp" />
    <ClCompile Include="main.cpp" />
    <ClCompile Include="Chamomile.cpp">
      <Filter>Terrain</Filter>
    </ClCompile>
    <ClCompile Include="ForestTree.cpp">
      <Filter>Terrain</Filter>
    </ClCompile>
    <ClCompile Include="Spawn.cpp">
      <Filter>Terrain</Filter>
    </ClCompile>
    <ClCompile Include="Brazier.cpp">
      <Filter>Terrain</Filter>
    </ClCompile>
    <ClCompile Include="Yarrow.cpp">
      <Filter>Terrain</Filter>
    </ClCompile>
    <ClCompile Include="HareTrap.cpp">
      <Filter>Terrain</Filter>
    </ClCompile>
    <ClCompile Include="GridList.cpp" />
    <ClCompile Include="Stump.cpp">
      <Filter>Terrain</Filter>
    </ClCompile>
    <ClCompile Include="Rock.cpp">
      <Filter>Terrain</Filter>
    </ClCompile>
    <ClCompile Include="Fence.cpp">
      <Filter>Terrain</Filter>
    </ClCompile>
    <ClCompile Include="Mugwort.cpp">
      <Filter>Terrain</Filter>
    </ClCompile>
    <ClCompile Include="HeroBag.cpp">
      <Filter>Systems</Filter>
    </ClCompile>
    <ClCompile Include="DroppedLoot.cpp">
      <Filter>Terrain</Filter>
    </ClCompile>
    <ClCompile Include="Fern.cpp">
      <Filter>Terrain</Filter>
    </ClCompile>
    <ClCompile Include="Totem.cpp">
      <Filter>Terrain</Filter>
    </ClCompile>
    <ClCompile Include="WreathTable.cpp">
      <Filter>Terrain</Filter>
    </ClCompile>
    <ClCompile Include="ObjectInitializer.cpp">
      <Filter>Systems</Filter>
    </ClCompile>
    <ClCompile Include="WorldHandler.cpp">
      <Filter>World</Filter>
    </ClCompile>
    <ClCompile Include="WorldGenerator.cpp">
      <Filter>World</Filter>
    </ClCompile>
    <ClCompile Include="Log.cpp">
      <Filter>Terrain</Filter>
    </ClCompile>
    <ClCompile Include="Bush.cpp">
      <Filter>Terrain</Filter>
    </ClCompile>
    <ClCompile Include="Roof.cpp">
      <Filter>Terrain</Filter>
    </ClCompile>
    <ClCompile Include="Console.cpp">
      <Filter>Systems</Filter>
    </ClCompile>
    <ClCompile Include="InputBox.cpp">
      <Filter>Systems</Filter>
    </ClCompile>
    <ClCompile Include="PedestalController.cpp">
      <Filter>Systems</Filter>
    </ClCompile>
    <ClCompile Include="Root.cpp">
      <Filter>Terrain</Filter>
    </ClCompile>
    <ClCompile Include="DynamicObject.cpp">
      <Filter>World</Filter>
    </ClCompile>
    <ClCompile Include="EmptyObject.cpp">
      <Filter>World</Filter>
    </ClCompile>
    <ClCompile Include="PickedObject.cpp">
      <Filter>World</Filter>
    </ClCompile>
    <ClCompile Include="StaticObject.cpp">
      <Filter>World</Filter>
    </ClCompile>
    <ClCompile Include="TerrainObject.cpp">
      <Filter>World</Filter>
    </ClCompile>
    <ClCompile Include="WorldObject.cpp">
      <Filter>World</Filter>
    </ClCompile>
    <ClCompile Include="Lake.cpp">
      <Filter>Terrain</Filter>
    </ClCompile>
    <ClCompile Include="SpritePack.cpp">
      <Filter>Systems\DrawSystem</Filter>
    </ClCompile>
    <ClCompile Include="BuildSystem.cpp">
      <Filter>Systems</Filter>
    </ClCompile>
    <ClCompile Include="InventorySystem.cpp">
      <Filter>Systems</Filter>
    </ClCompile>
    <ClCompile Include="TimeSystem.cpp">
      <Filter>Systems</Filter>
    </ClCompile>
    <ClCompile Include="TextSystem.cpp">
      <Filter>Systems</Filter>
    </ClCompile>
    <ClCompile Include="LightSystem.cpp" />
    <ClCompile Include="MenuSystem.cpp">
      <Filter>Systems</Filter>
    </ClCompile>
    <ClCompile Include="EffectsSystem.cpp">
      <Filter>Systems</Filter>
    </ClCompile>
    <ClCompile Include="TextChainElement.cpp">
      <Filter>Systems\DrawSystem</Filter>
    </ClCompile>
    <ClCompile Include="CameraSystem.cpp">
      <Filter>Systems</Filter>
    </ClCompile>
    <ClCompile Include="MoveSystem.cpp">
      <Filter>Systems</Filter>
    </ClCompile>
    <ClCompile Include="DirectionSystem.cpp">
      <Filter>Systems</Filter>
    </ClCompile>
    <ClCompile Include="VisualEffects\AmbientLight.cpp">
      <Filter>VisualEffects</Filter>
    </ClCompile>
    <ClCompile Include="button.cpp">
      <Filter>Systems</Filter>
    </ClCompile>
    <ClCompile Include="bear.cpp">
      <Filter>Creatures</Filter>
    </ClCompile>
    <ClCompile Include="deer.cpp">
      <Filter>Creatures</Filter>
    </ClCompile>
    <ClCompile Include="deerchant.cpp">
      <Filter>Creatures</Filter>
    </ClCompile>
    <ClCompile Include="hare.cpp">
      <Filter>Creatures</Filter>
    </ClCompile>
    <ClCompile Include="monster.cpp">
      <Filter>Creatures</Filter>
    </ClCompile>
    <ClCompile Include="neutral_mob.cpp">
      <Filter>Creatures</Filter>
    </ClCompile>
    <ClCompile Include="nightmare_first.cpp">
      <Filter>Creatures</Filter>
    </ClCompile>
    <ClCompile Include="nightmare_second.cpp">
      <Filter>Creatures</Filter>
    </ClCompile>
    <ClCompile Include="nightmare_third.cpp">
      <Filter>Creatures</Filter>
    </ClCompile>
    <ClCompile Include="owl.cpp">
      <Filter>Creatures</Filter>
    </ClCompile>
    <ClCompile Include="owl_boss.cpp">
      <Filter>Creatures</Filter>
    </ClCompile>
    <ClCompile Include="wolf.cpp">
      <Filter>Creatures</Filter>
    </ClCompile>
    <ClCompile Include="clap_whirl.cpp">
      <Filter>DynamicObjects</Filter>
    </ClCompile>
    <ClCompile Include="noose.cpp">
      <Filter>DynamicObjects</Filter>
    </ClCompile>
    <ClCompile Include="grass.cpp">
      <Filter>Ground</Filter>
    </ClCompile>
    <ClCompile Include="ground.cpp">
      <Filter>Ground</Filter>
    </ClCompile>
    <ClCompile Include="ground_connection.cpp">
      <Filter>Ground</Filter>
    </ClCompile>
    <ClCompile Include="mushroom.cpp">
      <Filter>Ground</Filter>
    </ClCompile>
    <ClCompile Include="hero_book.cpp">
      <Filter>HeroBook</Filter>
    </ClCompile>
    <ClCompile Include="hero_book_page.cpp">
      <Filter>HeroBook</Filter>
    </ClCompile>
    <ClCompile Include="wreath_draft.cpp">
      <Filter>HeroBook</Filter>
    </ClCompile>
    <ClCompile Include="drawable_chain_element.cpp">
      <Filter>Systems\DrawSystem</Filter>
    </ClCompile>
    <ClCompile Include="draw_system.cpp">
      <Filter>Systems\DrawSystem</Filter>
    </ClCompile>
    <ClCompile Include="sprite_chain_element.cpp">
      <Filter>Systems\DrawSystem</Filter>
    </ClCompile>
  </ItemGroup>
  <ItemGroup>
    <ClInclude Include="EventHandler.h" />
    <ClInclude Include="Helper.h" />
    <ClInclude Include="Structs.h" />
    <ClInclude Include="Chamomile.h">
      <Filter>Terrain</Filter>
    </ClInclude>
    <ClInclude Include="ForestTree.h">
      <Filter>Terrain</Filter>
    </ClInclude>
    <ClInclude Include="Spawn.h">
      <Filter>Terrain</Filter>
    </ClInclude>
    <ClInclude Include="Brazier.h">
      <Filter>Terrain</Filter>
    </ClInclude>
    <ClInclude Include="Yarrow.h">
      <Filter>Terrain</Filter>
    </ClInclude>
    <ClInclude Include="HareTrap.h">
      <Filter>Terrain</Filter>
    </ClInclude>
    <ClInclude Include="GridList.h" />
    <ClInclude Include="Stump.h">
      <Filter>Terrain</Filter>
    </ClInclude>
    <ClInclude Include="Rock.h">
      <Filter>Terrain</Filter>
    </ClInclude>
    <ClInclude Include="Fence.h">
      <Filter>Terrain</Filter>
    </ClInclude>
    <ClInclude Include="Mugwort.h">
      <Filter>Terrain</Filter>
    </ClInclude>
    <ClInclude Include="HeroBag.h">
      <Filter>Systems</Filter>
    </ClInclude>
    <ClInclude Include="DroppedLoot.h">
      <Filter>Terrain</Filter>
    </ClInclude>
    <ClInclude Include="SpriteStructures.h" />
    <ClInclude Include="Fern.h">
      <Filter>Terrain</Filter>
    </ClInclude>
    <ClInclude Include="Totem.h">
      <Filter>Terrain</Filter>
    </ClInclude>
    <ClInclude Include="WreathTable.h">
      <Filter>Terrain</Filter>
    </ClInclude>
    <ClInclude Include="ObjectInitializer.h">
      <Filter>Systems</Filter>
    </ClInclude>
    <ClInclude Include="WorldHandler.h">
      <Filter>World</Filter>
    </ClInclude>
    <ClInclude Include="WorldGenerator.h">
      <Filter>World</Filter>
    </ClInclude>
    <ClInclude Include="Log.h">
      <Filter>Terrain</Filter>
    </ClInclude>
    <ClInclude Include="Bush.h">
      <Filter>Terrain</Filter>
    </ClInclude>
    <ClInclude Include="Roof.h">
      <Filter>Terrain</Filter>
    </ClInclude>
    <ClInclude Include="Console.h">
      <Filter>Systems</Filter>
    </ClInclude>
    <ClInclude Include="InputBox.h">
      <Filter>Systems</Filter>
    </ClInclude>
    <ClInclude Include="PedestalController.h">
      <Filter>Systems</Filter>
    </ClInclude>
    <ClInclude Include="Root.h">
      <Filter>Terrain</Filter>
    </ClInclude>
    <ClInclude Include="DynamicObject.h">
      <Filter>World</Filter>
    </ClInclude>
    <ClInclude Include="EmptyObject.h">
      <Filter>World</Filter>
    </ClInclude>
    <ClInclude Include="PickedObject.h">
      <Filter>World</Filter>
    </ClInclude>
    <ClInclude Include="StaticObject.h">
      <Filter>World</Filter>
    </ClInclude>
    <ClInclude Include="TerrainObject.h">
      <Filter>World</Filter>
    </ClInclude>
    <ClInclude Include="WorldObject.h">
      <Filter>World</Filter>
    </ClInclude>
    <ClInclude Include="Tags.h">
      <Filter>World</Filter>
    </ClInclude>
    <ClInclude Include="Lake.h">
      <Filter>Terrain</Filter>
    </ClInclude>
    <ClInclude Include="SpritePack.h">
      <Filter>Systems\DrawSystem</Filter>
    </ClInclude>
    <ClInclude Include="BuildSystem.h">
      <Filter>Systems</Filter>
    </ClInclude>
    <ClInclude Include="InventorySystem.h">
      <Filter>Systems</Filter>
    </ClInclude>
    <ClInclude Include="TimeSystem.h">
      <Filter>Systems</Filter>
    </ClInclude>
    <ClInclude Include="TextSystem.h">
      <Filter>Systems</Filter>
    </ClInclude>
    <ClInclude Include="LightSystem.h" />
    <ClInclude Include="MenuSystem.h">
      <Filter>Systems</Filter>
    </ClInclude>
    <ClInclude Include="EffectsSystem.h">
      <Filter>Systems</Filter>
    </ClInclude>
    <ClInclude Include="TextChainElement.h">
      <Filter>Systems\DrawSystem</Filter>
    </ClInclude>
    <ClInclude Include="CameraSystem.h">
      <Filter>Systems</Filter>
    </ClInclude>
    <ClInclude Include="MoveSystem.h">
      <Filter>Systems</Filter>
    </ClInclude>
    <ClInclude Include="DirectionSystem.h">
      <Filter>Systems</Filter>
    </ClInclude>
    <ClInclude Include="VisualEffects\AmbientLight.hpp">
      <Filter>VisualEffects</Filter>
    </ClInclude>
    <ClInclude Include="VisualEffects\VisualEffect.hpp">
      <Filter>VisualEffects</Filter>
    </ClInclude>
    <ClInclude Include="button.h">
      <Filter>Systems</Filter>
    </ClInclude>
    <ClInclude Include="bear.h">
      <Filter>Creatures</Filter>
    </ClInclude>
    <ClInclude Include="deer.h">
      <Filter>Creatures</Filter>
    </ClInclude>
    <ClInclude Include="deerchant.h">
      <Filter>Creatures</Filter>
    </ClInclude>
    <ClInclude Include="hare.h">
      <Filter>Creatures</Filter>
    </ClInclude>
    <ClInclude Include="monster.h">
      <Filter>Creatures</Filter>
    </ClInclude>
    <ClInclude Include="neutral_mob.h">
      <Filter>Creatures</Filter>
    </ClInclude>
    <ClInclude Include="nightmare_first.h">
      <Filter>Creatures</Filter>
    </ClInclude>
    <ClInclude Include="nightmare_second.h">
      <Filter>Creatures</Filter>
    </ClInclude>
    <ClInclude Include="nightmare_third.h">
      <Filter>Creatures</Filter>
    </ClInclude>
    <ClInclude Include="owl.h">
      <Filter>Creatures</Filter>
    </ClInclude>
    <ClInclude Include="owl_boss.h">
      <Filter>Creatures</Filter>
    </ClInclude>
    <ClInclude Include="wolf.h">
      <Filter>Creatures</Filter>
    </ClInclude>
    <ClInclude Include="clap_whirl.h">
      <Filter>DynamicObjects</Filter>
    </ClInclude>
    <ClInclude Include="noose.h">
      <Filter>DynamicObjects</Filter>
    </ClInclude>
    <ClInclude Include="grass.h">
      <Filter>Ground</Filter>
    </ClInclude>
    <ClInclude Include="ground.h">
      <Filter>Ground</Filter>
    </ClInclude>
    <ClInclude Include="ground_connection.h">
      <Filter>Ground</Filter>
    </ClInclude>
    <ClInclude Include="mushroom.h">
      <Filter>Ground</Filter>
    </ClInclude>
    <ClInclude Include="hero_book.h">
      <Filter>HeroBook</Filter>
    </ClInclude>
    <ClInclude Include="hero_book_page.h">
      <Filter>HeroBook</Filter>
    </ClInclude>
    <ClInclude Include="wreath_draft.h">
      <Filter>HeroBook</Filter>
    </ClInclude>
    <ClInclude Include="drawable_chain_element.h">
      <Filter>Systems\DrawSystem</Filter>
    </ClInclude>
    <ClInclude Include="draw_system.h">
      <Filter>Systems\DrawSystem</Filter>
    </ClInclude>
    <ClInclude Include="sprite_chain_element.h">
      <Filter>Systems\DrawSystem</Filter>
    </ClInclude>
  </ItemGroup>
  <ItemGroup>
    <Filter Include="Terrain">
      <UniqueIdentifier>{0a95676e-8a6d-4d8f-88a7-b5072218a18e}</UniqueIdentifier>
    </Filter>
    <Filter Include="Creatures">
      <UniqueIdentifier>{ed4b870f-155e-4632-8362-5f05f03c18ab}</UniqueIdentifier>
    </Filter>
    <Filter Include="Ground">
      <UniqueIdentifier>{a1bcb01a-242c-4aa6-8715-2f1282b507c5}</UniqueIdentifier>
    </Filter>
    <Filter Include="HeroBook">
      <UniqueIdentifier>{d8cc7afb-4b70-412c-9813-73ad35d11e13}</UniqueIdentifier>
    </Filter>
    <Filter Include="DynamicObjects">
      <UniqueIdentifier>{32724799-c352-4ce0-b0d1-8aa537ceb40f}</UniqueIdentifier>
    </Filter>
    <Filter Include="World">
      <UniqueIdentifier>{46674957-3cb2-43f1-a993-abf764803eae}</UniqueIdentifier>
    </Filter>
    <Filter Include="Systems">
      <UniqueIdentifier>{c6d0f57c-5b1e-44be-9b32-415010cac4ed}</UniqueIdentifier>
    </Filter>
    <Filter Include="Systems\DrawSystem">
      <UniqueIdentifier>{969d9f18-507a-4244-b5eb-e0aa540d6e67}</UniqueIdentifier>
    </Filter>
    <Filter Include="VisualEffects">
      <UniqueIdentifier>{3c325feb-d21d-4623-8836-f7951dc989ca}</UniqueIdentifier>
    </Filter>
  </ItemGroup>
  <ItemGroup>
    <None Include="packages.config" />
  </ItemGroup>
</Project>